// !$*UTF8*$!
{
	archiveVersion = 1;
	classes = {
	};
	objectVersion = 56;
	objects = {

/* Begin PBXBuildFile section */
		462FC3522A9863C1004D7E52 /* Key.swift in Sources */ = {isa = PBXBuildFile; fileRef = 462FC3512A9863C1004D7E52 /* Key.swift */; };
		463509A12A889B5C00C31FD3 /* RegisterView.swift in Sources */ = {isa = PBXBuildFile; fileRef = 463509A02A889B5C00C31FD3 /* RegisterView.swift */; };
		463509A32A88AFA200C31FD3 /* LeaderboardView.swift in Sources */ = {isa = PBXBuildFile; fileRef = 463509A22A88AFA200C31FD3 /* LeaderboardView.swift */; };
		463509A52A88B1FB00C31FD3 /* UserRecord.swift in Sources */ = {isa = PBXBuildFile; fileRef = 463509A42A88B1FB00C31FD3 /* UserRecord.swift */; };
		46400DAC2A85D89200E4D6AC /* HangmanApp.swift in Sources */ = {isa = PBXBuildFile; fileRef = 46400DAB2A85D89200E4D6AC /* HangmanApp.swift */; };
		46400DAE2A85D89200E4D6AC /* ContentView.swift in Sources */ = {isa = PBXBuildFile; fileRef = 46400DAD2A85D89200E4D6AC /* ContentView.swift */; };
		46400DB02A85D89300E4D6AC /* Assets.xcassets in Resources */ = {isa = PBXBuildFile; fileRef = 46400DAF2A85D89300E4D6AC /* Assets.xcassets */; };
		46400DB32A85D89300E4D6AC /* Preview Assets.xcassets in Resources */ = {isa = PBXBuildFile; fileRef = 46400DB22A85D89300E4D6AC /* Preview Assets.xcassets */; };
		464396212A9B21F900EF7ADF /* PlaySound.swift in Sources */ = {isa = PBXBuildFile; fileRef = 464396202A9B21F900EF7ADF /* PlaySound.swift */; };
		464396232A9B276B00EF7ADF /* key-press.mp3 in Resources */ = {isa = PBXBuildFile; fileRef = 464396222A9B276B00EF7ADF /* key-press.mp3 */; };
		464396252A9B2FB500EF7ADF /* health-reduce.mp3 in Resources */ = {isa = PBXBuildFile; fileRef = 464396242A9B2FB500EF7ADF /* health-reduce.mp3 */; };
		464396292A9B321B00EF7ADF /* health-increase.mp3 in Resources */ = {isa = PBXBuildFile; fileRef = 464396282A9B321B00EF7ADF /* health-increase.mp3 */; };
		4643962B2A9B348500EF7ADF /* new.mp3 in Resources */ = {isa = PBXBuildFile; fileRef = 4643962A2A9B348500EF7ADF /* new.mp3 */; };
		46A24B3D2A988985005AD9F3 /* MediumWord.swift in Sources */ = {isa = PBXBuildFile; fileRef = 46A24B3C2A988985005AD9F3 /* MediumWord.swift */; };
		46A24B3F2A988B87005AD9F3 /* HardWord.swift in Sources */ = {isa = PBXBuildFile; fileRef = 46A24B3E2A988B87005AD9F3 /* HardWord.swift */; };
		46A24B412A988BDD005AD9F3 /* mediumWords.json in Resources */ = {isa = PBXBuildFile; fileRef = 46A24B402A988BDD005AD9F3 /* mediumWords.json */; };
		46A24B432A988C21005AD9F3 /* hardWords.json in Resources */ = {isa = PBXBuildFile; fileRef = 46A24B422A988C21005AD9F3 /* hardWords.json */; };
		46A24B452A988D34005AD9F3 /* MediumWordModelData.swift in Sources */ = {isa = PBXBuildFile; fileRef = 46A24B442A988D34005AD9F3 /* MediumWordModelData.swift */; };
		46A24B472A988DD9005AD9F3 /* HardWordModelData.swift in Sources */ = {isa = PBXBuildFile; fileRef = 46A24B462A988DD9005AD9F3 /* HardWordModelData.swift */; };
		46A24B492A988F70005AD9F3 /* MediumGameView.swift in Sources */ = {isa = PBXBuildFile; fileRef = 46A24B482A988F70005AD9F3 /* MediumGameView.swift */; };
		46A24B4C2A989CCA005AD9F3 /* BloodyTerror-GOW9Z.ttf in Resources */ = {isa = PBXBuildFile; fileRef = 46A24B4B2A989CBC005AD9F3 /* BloodyTerror-GOW9Z.ttf */; };
		46A6DBB82A9C350F00F6C22A /* background-music.mp3 in Resources */ = {isa = PBXBuildFile; fileRef = 46A6DBB72A9C350F00F6C22A /* background-music.mp3 */; };
		46A6DBBC2A9C517600F6C22A /* win.mp3 in Resources */ = {isa = PBXBuildFile; fileRef = 46A6DBBB2A9C517600F6C22A /* win.mp3 */; };
		46A6DBC32A9C58B700F6C22A /* start-button.mp3 in Resources */ = {isa = PBXBuildFile; fileRef = 46A6DBC12A9C58B700F6C22A /* start-button.mp3 */; };
		46A6DBC42A9C58B700F6C22A /* quit-button.mp3 in Resources */ = {isa = PBXBuildFile; fileRef = 46A6DBC22A9C58B700F6C22A /* quit-button.mp3 */; };
		46A6DBC62A9C868E00F6C22A /* HardGameView.swift in Sources */ = {isa = PBXBuildFile; fileRef = 46A6DBC52A9C868E00F6C22A /* HardGameView.swift */; };
		46AA93022A8B0CCA00993447 /* GameSettingsView.swift in Sources */ = {isa = PBXBuildFile; fileRef = 46AA93012A8B0CCA00993447 /* GameSettingsView.swift */; };
		46C9D2E12A871948005FC4CF /* Modifiers.swift in Sources */ = {isa = PBXBuildFile; fileRef = 46C9D2E02A871948005FC4CF /* Modifiers.swift */; };
		46C9D2E32A871ED5005FC4CF /* EasyGameView.swift in Sources */ = {isa = PBXBuildFile; fileRef = 46C9D2E22A871ED5005FC4CF /* EasyGameView.swift */; };
		46C9D2E52A87296D005FC4CF /* MenuView.swift in Sources */ = {isa = PBXBuildFile; fileRef = 46C9D2E42A87296D005FC4CF /* MenuView.swift */; };
		46C9D2E72A872E0E005FC4CF /* HealthBarView.swift in Sources */ = {isa = PBXBuildFile; fileRef = 46C9D2E62A872E0E005FC4CF /* HealthBarView.swift */; };
		46C9D2EA2A874446005FC4CF /* easyWords.json in Resources */ = {isa = PBXBuildFile; fileRef = 46C9D2E92A874446005FC4CF /* easyWords.json */; };
		46C9D2EC2A874473005FC4CF /* EasyWordModelData.swift in Sources */ = {isa = PBXBuildFile; fileRef = 46C9D2EB2A874473005FC4CF /* EasyWordModelData.swift */; };
		46C9D2EE2A874590005FC4CF /* EasyWord.swift in Sources */ = {isa = PBXBuildFile; fileRef = 46C9D2ED2A874590005FC4CF /* EasyWord.swift */; };
		46F5C9FC2A9D839A009A9BBA /* LeaderboardRow.swift in Sources */ = {isa = PBXBuildFile; fileRef = 46F5C9FB2A9D839A009A9BBA /* LeaderboardRow.swift */; };
/* End PBXBuildFile section */

/* Begin PBXFileReference section */
		462FC3512A9863C1004D7E52 /* Key.swift */ = {isa = PBXFileReference; lastKnownFileType = sourcecode.swift; path = Key.swift; sourceTree = "<group>"; };
		463509A02A889B5C00C31FD3 /* RegisterView.swift */ = {isa = PBXFileReference; lastKnownFileType = sourcecode.swift; path = RegisterView.swift; sourceTree = "<group>"; };
		463509A22A88AFA200C31FD3 /* LeaderboardView.swift */ = {isa = PBXFileReference; lastKnownFileType = sourcecode.swift; path = LeaderboardView.swift; sourceTree = "<group>"; };
		463509A42A88B1FB00C31FD3 /* UserRecord.swift */ = {isa = PBXFileReference; lastKnownFileType = sourcecode.swift; path = UserRecord.swift; sourceTree = "<group>"; };
		46400DA82A85D89200E4D6AC /* Hangman.app */ = {isa = PBXFileReference; explicitFileType = wrapper.application; includeInIndex = 0; path = Hangman.app; sourceTree = BUILT_PRODUCTS_DIR; };
		46400DAB2A85D89200E4D6AC /* HangmanApp.swift */ = {isa = PBXFileReference; lastKnownFileType = sourcecode.swift; path = HangmanApp.swift; sourceTree = "<group>"; };
		46400DAD2A85D89200E4D6AC /* ContentView.swift */ = {isa = PBXFileReference; lastKnownFileType = sourcecode.swift; path = ContentView.swift; sourceTree = "<group>"; };
		46400DAF2A85D89300E4D6AC /* Assets.xcassets */ = {isa = PBXFileReference; lastKnownFileType = folder.assetcatalog; path = Assets.xcassets; sourceTree = "<group>"; };
		46400DB22A85D89300E4D6AC /* Preview Assets.xcassets */ = {isa = PBXFileReference; lastKnownFileType = folder.assetcatalog; path = "Preview Assets.xcassets"; sourceTree = "<group>"; };
		464396202A9B21F900EF7ADF /* PlaySound.swift */ = {isa = PBXFileReference; lastKnownFileType = sourcecode.swift; path = PlaySound.swift; sourceTree = "<group>"; };
		464396222A9B276B00EF7ADF /* key-press.mp3 */ = {isa = PBXFileReference; lastKnownFileType = audio.mp3; path = "key-press.mp3"; sourceTree = "<group>"; };
		464396242A9B2FB500EF7ADF /* health-reduce.mp3 */ = {isa = PBXFileReference; lastKnownFileType = audio.mp3; path = "health-reduce.mp3"; sourceTree = "<group>"; };
		464396282A9B321B00EF7ADF /* health-increase.mp3 */ = {isa = PBXFileReference; lastKnownFileType = audio.mp3; path = "health-increase.mp3"; sourceTree = "<group>"; };
		4643962A2A9B348500EF7ADF /* new.mp3 */ = {isa = PBXFileReference; lastKnownFileType = audio.mp3; path = new.mp3; sourceTree = "<group>"; };
		46A24B3C2A988985005AD9F3 /* MediumWord.swift */ = {isa = PBXFileReference; lastKnownFileType = sourcecode.swift; path = MediumWord.swift; sourceTree = "<group>"; };
		46A24B3E2A988B87005AD9F3 /* HardWord.swift */ = {isa = PBXFileReference; lastKnownFileType = sourcecode.swift; path = HardWord.swift; sourceTree = "<group>"; };
		46A24B402A988BDD005AD9F3 /* mediumWords.json */ = {isa = PBXFileReference; fileEncoding = 4; lastKnownFileType = text.json; path = mediumWords.json; sourceTree = "<group>"; };
		46A24B422A988C21005AD9F3 /* hardWords.json */ = {isa = PBXFileReference; fileEncoding = 4; lastKnownFileType = text.json; path = hardWords.json; sourceTree = "<group>"; };
		46A24B442A988D34005AD9F3 /* MediumWordModelData.swift */ = {isa = PBXFileReference; lastKnownFileType = sourcecode.swift; path = MediumWordModelData.swift; sourceTree = "<group>"; };
		46A24B462A988DD9005AD9F3 /* HardWordModelData.swift */ = {isa = PBXFileReference; lastKnownFileType = sourcecode.swift; path = HardWordModelData.swift; sourceTree = "<group>"; };
		46A24B482A988F70005AD9F3 /* MediumGameView.swift */ = {isa = PBXFileReference; lastKnownFileType = sourcecode.swift; path = MediumGameView.swift; sourceTree = "<group>"; };
		46A24B4B2A989CBC005AD9F3 /* BloodyTerror-GOW9Z.ttf */ = {isa = PBXFileReference; lastKnownFileType = file; path = "BloodyTerror-GOW9Z.ttf"; sourceTree = "<group>"; };
		46A24B4D2A989D11005AD9F3 /* Info.plist */ = {isa = PBXFileReference; lastKnownFileType = text.plist; path = Info.plist; sourceTree = "<group>"; };
		46A6DBB72A9C350F00F6C22A /* background-music.mp3 */ = {isa = PBXFileReference; lastKnownFileType = audio.mp3; path = "background-music.mp3"; sourceTree = "<group>"; };
		46A6DBBB2A9C517600F6C22A /* win.mp3 */ = {isa = PBXFileReference; lastKnownFileType = audio.mp3; path = win.mp3; sourceTree = "<group>"; };
		46A6DBC12A9C58B700F6C22A /* start-button.mp3 */ = {isa = PBXFileReference; lastKnownFileType = audio.mp3; path = "start-button.mp3"; sourceTree = "<group>"; };
		46A6DBC22A9C58B700F6C22A /* quit-button.mp3 */ = {isa = PBXFileReference; lastKnownFileType = audio.mp3; path = "quit-button.mp3"; sourceTree = "<group>"; };
		46A6DBC52A9C868E00F6C22A /* HardGameView.swift */ = {isa = PBXFileReference; lastKnownFileType = sourcecode.swift; path = HardGameView.swift; sourceTree = "<group>"; };
		46AA93012A8B0CCA00993447 /* GameSettingsView.swift */ = {isa = PBXFileReference; lastKnownFileType = sourcecode.swift; path = GameSettingsView.swift; sourceTree = "<group>"; };
		46C9D2E02A871948005FC4CF /* Modifiers.swift */ = {isa = PBXFileReference; lastKnownFileType = sourcecode.swift; path = Modifiers.swift; sourceTree = "<group>"; };
		46C9D2E22A871ED5005FC4CF /* EasyGameView.swift */ = {isa = PBXFileReference; lastKnownFileType = sourcecode.swift; path = EasyGameView.swift; sourceTree = "<group>"; };
		46C9D2E42A87296D005FC4CF /* MenuView.swift */ = {isa = PBXFileReference; lastKnownFileType = sourcecode.swift; path = MenuView.swift; sourceTree = "<group>"; };
		46C9D2E62A872E0E005FC4CF /* HealthBarView.swift */ = {isa = PBXFileReference; lastKnownFileType = sourcecode.swift; path = HealthBarView.swift; sourceTree = "<group>"; };
		46C9D2E92A874446005FC4CF /* easyWords.json */ = {isa = PBXFileReference; fileEncoding = 4; lastKnownFileType = text.json; path = easyWords.json; sourceTree = "<group>"; };
		46C9D2EB2A874473005FC4CF /* EasyWordModelData.swift */ = {isa = PBXFileReference; lastKnownFileType = sourcecode.swift; path = EasyWordModelData.swift; sourceTree = "<group>"; };
		46C9D2ED2A874590005FC4CF /* EasyWord.swift */ = {isa = PBXFileReference; lastKnownFileType = sourcecode.swift; path = EasyWord.swift; sourceTree = "<group>"; };
		46F5C9FB2A9D839A009A9BBA /* LeaderboardRow.swift */ = {isa = PBXFileReference; lastKnownFileType = sourcecode.swift; path = LeaderboardRow.swift; sourceTree = "<group>"; };
/* End PBXFileReference section */

/* Begin PBXFrameworksBuildPhase section */
		46400DA52A85D89200E4D6AC /* Frameworks */ = {
			isa = PBXFrameworksBuildPhase;
			buildActionMask = 2147483647;
			files = (
			);
			runOnlyForDeploymentPostprocessing = 0;
		};
/* End PBXFrameworksBuildPhase section */

/* Begin PBXGroup section */
		46400D9F2A85D89200E4D6AC = {
			isa = PBXGroup;
			children = (
				46400DAA2A85D89200E4D6AC /* Hangman */,
				46400DA92A85D89200E4D6AC /* Products */,
			);
			sourceTree = "<group>";
		};
		46400DA92A85D89200E4D6AC /* Products */ = {
			isa = PBXGroup;
			children = (
				46400DA82A85D89200E4D6AC /* Hangman.app */,
			);
			name = Products;
			sourceTree = "<group>";
		};
		46400DAA2A85D89200E4D6AC /* Hangman */ = {
			isa = PBXGroup;
			children = (
				46A24B4D2A989D11005AD9F3 /* Info.plist */,
				46A24B4A2A989CA4005AD9F3 /* fonts */,
				46C9D2E82A874310005FC4CF /* Model */,
				46400DBB2A85F1CF00E4D6AC /* Helpers */,
				46400DBA2A85F1C600E4D6AC /* Sounds */,
				46400DB92A85F1B900E4D6AC /* Views */,
				46400DAB2A85D89200E4D6AC /* HangmanApp.swift */,
				46400DAF2A85D89300E4D6AC /* Assets.xcassets */,
				46400DB12A85D89300E4D6AC /* Preview Content */,
			);
			path = Hangman;
			sourceTree = "<group>";
		};
		46400DB12A85D89300E4D6AC /* Preview Content */ = {
			isa = PBXGroup;
			children = (
				46400DB22A85D89300E4D6AC /* Preview Assets.xcassets */,
			);
			path = "Preview Content";
			sourceTree = "<group>";
		};
		46400DB92A85F1B900E4D6AC /* Views */ = {
			isa = PBXGroup;
			children = (
				46400DAD2A85D89200E4D6AC /* ContentView.swift */,
				46C9D2E22A871ED5005FC4CF /* EasyGameView.swift */,
				46C9D2E42A87296D005FC4CF /* MenuView.swift */,
				46C9D2E62A872E0E005FC4CF /* HealthBarView.swift */,
				463509A02A889B5C00C31FD3 /* RegisterView.swift */,
				463509A22A88AFA200C31FD3 /* LeaderboardView.swift */,
				46AA93012A8B0CCA00993447 /* GameSettingsView.swift */,
				46A24B482A988F70005AD9F3 /* MediumGameView.swift */,
				46A6DBC52A9C868E00F6C22A /* HardGameView.swift */,
				46F5C9FB2A9D839A009A9BBA /* LeaderboardRow.swift */,
			);
			path = Views;
			sourceTree = "<group>";
		};
		46400DBA2A85F1C600E4D6AC /* Sounds */ = {
			isa = PBXGroup;
			children = (
				46A6DBB72A9C350F00F6C22A /* background-music.mp3 */,
				464396242A9B2FB500EF7ADF /* health-reduce.mp3 */,
				464396282A9B321B00EF7ADF /* health-increase.mp3 */,
				46A6DBC22A9C58B700F6C22A /* quit-button.mp3 */,
				46A6DBC12A9C58B700F6C22A /* start-button.mp3 */,
				46A6DBBB2A9C517600F6C22A /* win.mp3 */,
				4643962A2A9B348500EF7ADF /* new.mp3 */,
				464396222A9B276B00EF7ADF /* key-press.mp3 */,
			);
			path = Sounds;
			sourceTree = "<group>";
		};
		46400DBB2A85F1CF00E4D6AC /* Helpers */ = {
			isa = PBXGroup;
			children = (
				46C9D2E02A871948005FC4CF /* Modifiers.swift */,
				464396202A9B21F900EF7ADF /* PlaySound.swift */,
			);
			path = Helpers;
			sourceTree = "<group>";
		};
		46A24B4A2A989CA4005AD9F3 /* fonts */ = {
			isa = PBXGroup;
			children = (
				46A24B4B2A989CBC005AD9F3 /* BloodyTerror-GOW9Z.ttf */,
			);
			path = fonts;
			sourceTree = "<group>";
		};
		46C9D2E82A874310005FC4CF /* Model */ = {
			isa = PBXGroup;
			children = (
				46C9D2E92A874446005FC4CF /* easyWords.json */,
				46A24B402A988BDD005AD9F3 /* mediumWords.json */,
				46A24B422A988C21005AD9F3 /* hardWords.json */,
				46C9D2EB2A874473005FC4CF /* EasyWordModelData.swift */,
				46C9D2ED2A874590005FC4CF /* EasyWord.swift */,
				463509A42A88B1FB00C31FD3 /* UserRecord.swift */,
				462FC3512A9863C1004D7E52 /* Key.swift */,
				46A24B3C2A988985005AD9F3 /* MediumWord.swift */,
				46A24B3E2A988B87005AD9F3 /* HardWord.swift */,
				46A24B442A988D34005AD9F3 /* MediumWordModelData.swift */,
				46A24B462A988DD9005AD9F3 /* HardWordModelData.swift */,
			);
			path = Model;
			sourceTree = "<group>";
		};
/* End PBXGroup section */

/* Begin PBXNativeTarget section */
		46400DA72A85D89200E4D6AC /* Hangman */ = {
			isa = PBXNativeTarget;
			buildConfigurationList = 46400DB62A85D89300E4D6AC /* Build configuration list for PBXNativeTarget "Hangman" */;
			buildPhases = (
				46400DA42A85D89200E4D6AC /* Sources */,
				46400DA52A85D89200E4D6AC /* Frameworks */,
				46400DA62A85D89200E4D6AC /* Resources */,
			);
			buildRules = (
			);
			dependencies = (
			);
			name = Hangman;
			productName = Hangman;
			productReference = 46400DA82A85D89200E4D6AC /* Hangman.app */;
			productType = "com.apple.product-type.application";
		};
/* End PBXNativeTarget section */

/* Begin PBXProject section */
		46400DA02A85D89200E4D6AC /* Project object */ = {
			isa = PBXProject;
			attributes = {
				BuildIndependentTargetsInParallel = 1;
				LastSwiftUpdateCheck = 1430;
				LastUpgradeCheck = 1430;
				TargetAttributes = {
					46400DA72A85D89200E4D6AC = {
						CreatedOnToolsVersion = 14.3.1;
					};
				};
			};
			buildConfigurationList = 46400DA32A85D89200E4D6AC /* Build configuration list for PBXProject "Hangman" */;
			compatibilityVersion = "Xcode 14.0";
			developmentRegion = en;
			hasScannedForEncodings = 0;
			knownRegions = (
				en,
				Base,
			);
			mainGroup = 46400D9F2A85D89200E4D6AC;
			productRefGroup = 46400DA92A85D89200E4D6AC /* Products */;
			projectDirPath = "";
			projectRoot = "";
			targets = (
				46400DA72A85D89200E4D6AC /* Hangman */,
			);
		};
/* End PBXProject section */

/* Begin PBXResourcesBuildPhase section */
		46400DA62A85D89200E4D6AC /* Resources */ = {
			isa = PBXResourcesBuildPhase;
			buildActionMask = 2147483647;
			files = (
				46A24B432A988C21005AD9F3 /* hardWords.json in Resources */,
				464396232A9B276B00EF7ADF /* key-press.mp3 in Resources */,
				464396252A9B2FB500EF7ADF /* health-reduce.mp3 in Resources */,
				46A6DBBC2A9C517600F6C22A /* win.mp3 in Resources */,
				46A6DBB82A9C350F00F6C22A /* background-music.mp3 in Resources */,
				46A6DBC32A9C58B700F6C22A /* start-button.mp3 in Resources */,
				46400DB32A85D89300E4D6AC /* Preview Assets.xcassets in Resources */,
				46A24B4C2A989CCA005AD9F3 /* BloodyTerror-GOW9Z.ttf in Resources */,
				4643962B2A9B348500EF7ADF /* new.mp3 in Resources */,
				46400DB02A85D89300E4D6AC /* Assets.xcassets in Resources */,
				46C9D2EA2A874446005FC4CF /* easyWords.json in Resources */,
				46A6DBC42A9C58B700F6C22A /* quit-button.mp3 in Resources */,
				46A24B412A988BDD005AD9F3 /* mediumWords.json in Resources */,
				464396292A9B321B00EF7ADF /* health-increase.mp3 in Resources */,
			);
			runOnlyForDeploymentPostprocessing = 0;
		};
/* End PBXResourcesBuildPhase section */

/* Begin PBXSourcesBuildPhase section */
		46400DA42A85D89200E4D6AC /* Sources */ = {
			isa = PBXSourcesBuildPhase;
			buildActionMask = 2147483647;
			files = (
				464396212A9B21F900EF7ADF /* PlaySound.swift in Sources */,
				463509A32A88AFA200C31FD3 /* LeaderboardView.swift in Sources */,
				46A24B492A988F70005AD9F3 /* MediumGameView.swift in Sources */,
				463509A12A889B5C00C31FD3 /* RegisterView.swift in Sources */,
				46A24B3F2A988B87005AD9F3 /* HardWord.swift in Sources */,
				46A6DBC62A9C868E00F6C22A /* HardGameView.swift in Sources */,
				46A24B3D2A988985005AD9F3 /* MediumWord.swift in Sources */,
				46C9D2E72A872E0E005FC4CF /* HealthBarView.swift in Sources */,
				462FC3522A9863C1004D7E52 /* Key.swift in Sources */,
				46C9D2EE2A874590005FC4CF /* EasyWord.swift in Sources */,
				463509A52A88B1FB00C31FD3 /* UserRecord.swift in Sources */,
				46C9D2E52A87296D005FC4CF /* MenuView.swift in Sources */,
				46C9D2E12A871948005FC4CF /* Modifiers.swift in Sources */,
				46A24B472A988DD9005AD9F3 /* HardWordModelData.swift in Sources */,
				46F5C9FC2A9D839A009A9BBA /* LeaderboardRow.swift in Sources */,
				46400DAE2A85D89200E4D6AC /* ContentView.swift in Sources */,
				46400DAC2A85D89200E4D6AC /* HangmanApp.swift in Sources */,
				46A24B452A988D34005AD9F3 /* MediumWordModelData.swift in Sources */,
				46C9D2E32A871ED5005FC4CF /* EasyGameView.swift in Sources */,
				46C9D2EC2A874473005FC4CF /* EasyWordModelData.swift in Sources */,
				46AA93022A8B0CCA00993447 /* GameSettingsView.swift in Sources */,
			);
			runOnlyForDeploymentPostprocessing = 0;
		};
/* End PBXSourcesBuildPhase section */

/* Begin XCBuildConfiguration section */
		46400DB42A85D89300E4D6AC /* Debug */ = {
			isa = XCBuildConfiguration;
			buildSettings = {
				ALWAYS_SEARCH_USER_PATHS = NO;
				CLANG_ANALYZER_NONNULL = YES;
				CLANG_ANALYZER_NUMBER_OBJECT_CONVERSION = YES_AGGRESSIVE;
				CLANG_CXX_LANGUAGE_STANDARD = "gnu++20";
				CLANG_ENABLE_MODULES = YES;
				CLANG_ENABLE_OBJC_ARC = YES;
				CLANG_ENABLE_OBJC_WEAK = YES;
				CLANG_WARN_BLOCK_CAPTURE_AUTORELEASING = YES;
				CLANG_WARN_BOOL_CONVERSION = YES;
				CLANG_WARN_COMMA = YES;
				CLANG_WARN_CONSTANT_CONVERSION = YES;
				CLANG_WARN_DEPRECATED_OBJC_IMPLEMENTATIONS = YES;
				CLANG_WARN_DIRECT_OBJC_ISA_USAGE = YES_ERROR;
				CLANG_WARN_DOCUMENTATION_COMMENTS = YES;
				CLANG_WARN_EMPTY_BODY = YES;
				CLANG_WARN_ENUM_CONVERSION = YES;
				CLANG_WARN_INFINITE_RECURSION = YES;
				CLANG_WARN_INT_CONVERSION = YES;
				CLANG_WARN_NON_LITERAL_NULL_CONVERSION = YES;
				CLANG_WARN_OBJC_IMPLICIT_RETAIN_SELF = YES;
				CLANG_WARN_OBJC_LITERAL_CONVERSION = YES;
				CLANG_WARN_OBJC_ROOT_CLASS = YES_ERROR;
				CLANG_WARN_QUOTED_INCLUDE_IN_FRAMEWORK_HEADER = YES;
				CLANG_WARN_RANGE_LOOP_ANALYSIS = YES;
				CLANG_WARN_STRICT_PROTOTYPES = YES;
				CLANG_WARN_SUSPICIOUS_MOVE = YES;
				CLANG_WARN_UNGUARDED_AVAILABILITY = YES_AGGRESSIVE;
				CLANG_WARN_UNREACHABLE_CODE = YES;
				CLANG_WARN__DUPLICATE_METHOD_MATCH = YES;
				COPY_PHASE_STRIP = NO;
				DEBUG_INFORMATION_FORMAT = dwarf;
				ENABLE_STRICT_OBJC_MSGSEND = YES;
				ENABLE_TESTABILITY = YES;
				GCC_C_LANGUAGE_STANDARD = gnu11;
				GCC_DYNAMIC_NO_PIC = NO;
				GCC_NO_COMMON_BLOCKS = YES;
				GCC_OPTIMIZATION_LEVEL = 0;
				GCC_PREPROCESSOR_DEFINITIONS = (
					"DEBUG=1",
					"$(inherited)",
				);
				GCC_WARN_64_TO_32_BIT_CONVERSION = YES;
				GCC_WARN_ABOUT_RETURN_TYPE = YES_ERROR;
				GCC_WARN_UNDECLARED_SELECTOR = YES;
				GCC_WARN_UNINITIALIZED_AUTOS = YES_AGGRESSIVE;
				GCC_WARN_UNUSED_FUNCTION = YES;
				GCC_WARN_UNUSED_VARIABLE = YES;
				IPHONEOS_DEPLOYMENT_TARGET = 16.4;
				MTL_ENABLE_DEBUG_INFO = INCLUDE_SOURCE;
				MTL_FAST_MATH = YES;
				ONLY_ACTIVE_ARCH = YES;
				SDKROOT = iphoneos;
				SWIFT_ACTIVE_COMPILATION_CONDITIONS = DEBUG;
				SWIFT_OPTIMIZATION_LEVEL = "-Onone";
			};
			name = Debug;
		};
		46400DB52A85D89300E4D6AC /* Release */ = {
			isa = XCBuildConfiguration;
			buildSettings = {
				ALWAYS_SEARCH_USER_PATHS = NO;
				CLANG_ANALYZER_NONNULL = YES;
				CLANG_ANALYZER_NUMBER_OBJECT_CONVERSION = YES_AGGRESSIVE;
				CLANG_CXX_LANGUAGE_STANDARD = "gnu++20";
				CLANG_ENABLE_MODULES = YES;
				CLANG_ENABLE_OBJC_ARC = YES;
				CLANG_ENABLE_OBJC_WEAK = YES;
				CLANG_WARN_BLOCK_CAPTURE_AUTORELEASING = YES;
				CLANG_WARN_BOOL_CONVERSION = YES;
				CLANG_WARN_COMMA = YES;
				CLANG_WARN_CONSTANT_CONVERSION = YES;
				CLANG_WARN_DEPRECATED_OBJC_IMPLEMENTATIONS = YES;
				CLANG_WARN_DIRECT_OBJC_ISA_USAGE = YES_ERROR;
				CLANG_WARN_DOCUMENTATION_COMMENTS = YES;
				CLANG_WARN_EMPTY_BODY = YES;
				CLANG_WARN_ENUM_CONVERSION = YES;
				CLANG_WARN_INFINITE_RECURSION = YES;
				CLANG_WARN_INT_CONVERSION = YES;
				CLANG_WARN_NON_LITERAL_NULL_CONVERSION = YES;
				CLANG_WARN_OBJC_IMPLICIT_RETAIN_SELF = YES;
				CLANG_WARN_OBJC_LITERAL_CONVERSION = YES;
				CLANG_WARN_OBJC_ROOT_CLASS = YES_ERROR;
				CLANG_WARN_QUOTED_INCLUDE_IN_FRAMEWORK_HEADER = YES;
				CLANG_WARN_RANGE_LOOP_ANALYSIS = YES;
				CLANG_WARN_STRICT_PROTOTYPES = YES;
				CLANG_WARN_SUSPICIOUS_MOVE = YES;
				CLANG_WARN_UNGUARDED_AVAILABILITY = YES_AGGRESSIVE;
				CLANG_WARN_UNREACHABLE_CODE = YES;
				CLANG_WARN__DUPLICATE_METHOD_MATCH = YES;
				COPY_PHASE_STRIP = NO;
				DEBUG_INFORMATION_FORMAT = "dwarf-with-dsym";
				ENABLE_NS_ASSERTIONS = NO;
				ENABLE_STRICT_OBJC_MSGSEND = YES;
				GCC_C_LANGUAGE_STANDARD = gnu11;
				GCC_NO_COMMON_BLOCKS = YES;
				GCC_WARN_64_TO_32_BIT_CONVERSION = YES;
				GCC_WARN_ABOUT_RETURN_TYPE = YES_ERROR;
				GCC_WARN_UNDECLARED_SELECTOR = YES;
				GCC_WARN_UNINITIALIZED_AUTOS = YES_AGGRESSIVE;
				GCC_WARN_UNUSED_FUNCTION = YES;
				GCC_WARN_UNUSED_VARIABLE = YES;
				IPHONEOS_DEPLOYMENT_TARGET = 16.4;
				MTL_ENABLE_DEBUG_INFO = NO;
				MTL_FAST_MATH = YES;
				SDKROOT = iphoneos;
				SWIFT_COMPILATION_MODE = wholemodule;
				SWIFT_OPTIMIZATION_LEVEL = "-O";
				VALIDATE_PRODUCT = YES;
			};
			name = Release;
		};
		46400DB72A85D89300E4D6AC /* Debug */ = {
			isa = XCBuildConfiguration;
			buildSettings = {
				ASSETCATALOG_COMPILER_APPICON_NAME = AppIcon;
				ASSETCATALOG_COMPILER_GLOBAL_ACCENT_COLOR_NAME = AccentColor;
				CODE_SIGN_STYLE = Automatic;
				CURRENT_PROJECT_VERSION = 1;
				DEVELOPMENT_ASSET_PATHS = "\"Hangman/Preview Content\"";
				ENABLE_PREVIEWS = YES;
				GENERATE_INFOPLIST_FILE = YES;
				INFOPLIST_FILE = Hangman/Info.plist;
				INFOPLIST_KEY_UIApplicationSceneManifest_Generation = YES;
				INFOPLIST_KEY_UIApplicationSupportsIndirectInputEvents = YES;
				INFOPLIST_KEY_UILaunchScreen_Generation = YES;
				INFOPLIST_KEY_UISupportedInterfaceOrientations_iPad = "UIInterfaceOrientationPortrait UIInterfaceOrientationPortraitUpsideDown UIInterfaceOrientationLandscapeLeft UIInterfaceOrientationLandscapeRight";
				INFOPLIST_KEY_UISupportedInterfaceOrientations_iPhone = "UIInterfaceOrientationPortrait UIInterfaceOrientationLandscapeLeft UIInterfaceOrientationLandscapeRight";
				LD_RUNPATH_SEARCH_PATHS = (
					"$(inherited)",
					"@executable_path/Frameworks",
				);
				MARKETING_VERSION = 1.0;
				PRODUCT_BUNDLE_IDENTIFIER = vn.edu.rmit.Hangman;
				PRODUCT_NAME = "$(TARGET_NAME)";
				SWIFT_EMIT_LOC_STRINGS = YES;
				SWIFT_VERSION = 5.0;
				TARGETED_DEVICE_FAMILY = "1,2";
			};
			name = Debug;
		};
		46400DB82A85D89300E4D6AC /* Release */ = {
			isa = XCBuildConfiguration;
			buildSettings = {
				ASSETCATALOG_COMPILER_APPICON_NAME = AppIcon;
				ASSETCATALOG_COMPILER_GLOBAL_ACCENT_COLOR_NAME = AccentColor;
				CODE_SIGN_STYLE = Automatic;
				CURRENT_PROJECT_VERSION = 1;
				DEVELOPMENT_ASSET_PATHS = "\"Hangman/Preview Content\"";
				ENABLE_PREVIEWS = YES;
				GENERATE_INFOPLIST_FILE = YES;
				INFOPLIST_FILE = Hangman/Info.plist;
				INFOPLIST_KEY_UIApplicationSceneManifest_Generation = YES;
				INFOPLIST_KEY_UIApplicationSupportsIndirectInputEvents = YES;
				INFOPLIST_KEY_UILaunchScreen_Generation = YES;
				INFOPLIST_KEY_UISupportedInterfaceOrientations_iPad = "UIInterfaceOrientationPortrait UIInterfaceOrientationPortraitUpsideDown UIInterfaceOrientationLandscapeLeft UIInterfaceOrientationLandscapeRight";
				INFOPLIST_KEY_UISupportedInterfaceOrientations_iPhone = "UIInterfaceOrientationPortrait UIInterfaceOrientationLandscapeLeft UIInterfaceOrientationLandscapeRight";
				LD_RUNPATH_SEARCH_PATHS = (
					"$(inherited)",
					"@executable_path/Frameworks",
				);
				MARKETING_VERSION = 1.0;
				PRODUCT_BUNDLE_IDENTIFIER = vn.edu.rmit.Hangman;
				PRODUCT_NAME = "$(TARGET_NAME)";
				SWIFT_EMIT_LOC_STRINGS = YES;
				SWIFT_VERSION = 5.0;
				TARGETED_DEVICE_FAMILY = "1,2";
			};
			name = Release;
		};
/* End XCBuildConfiguration section */

/* Begin XCConfigurationList section */
		46400DA32A85D89200E4D6AC /* Build configuration list for PBXProject "Hangman" */ = {
			isa = XCConfigurationList;
			buildConfigurations = (
				46400DB42A85D89300E4D6AC /* Debug */,
				46400DB52A85D89300E4D6AC /* Release */,
			);
			defaultConfigurationIsVisible = 0;
			defaultConfigurationName = Release;
		};
		46400DB62A85D89300E4D6AC /* Build configuration list for PBXNativeTarget "Hangman" */ = {
			isa = XCConfigurationList;
			buildConfigurations = (
				46400DB72A85D89300E4D6AC /* Debug */,
				46400DB82A85D89300E4D6AC /* Release */,
			);
			defaultConfigurationIsVisible = 0;
			defaultConfigurationName = Release;
		};
/* End XCConfigurationList section */
	};
	rootObject = 46400DA02A85D89200E4D6AC /* Project object */;
}
